
Microsoft Visual Studio Solution File, Format Version 12.00
# Visual Studio Version 16
VisualStudioVersion = 16.0.30523.141
MinimumVisualStudioVersion = 10.0.40219.1
Project("{FAE04EC0-301F-11D3-BF4B-00C04F79EFBC}") = "WorldsHardestGame", "WorldsHardestGame\WorldsHardestGame.csproj", "{70FB7061-A562-4C41-A80E-631BF8CDA600}"
EndProject
Global
	GlobalSection(SolutionConfigurationPlatforms) = preSolution
		Debug|Any CPU = Debug|Any CPU
		Release|Any CPU = Release|Any CPU
	EndGlobalSection
	GlobalSection(ProjectConfigurationPlatforms) = postSolution
		{70FB7061-A562-4C41-A80E-631BF8CDA600}.Debug|Any CPU.ActiveCfg = Debug|Any CPU
		{70FB7061-A562-4C41-A80E-631BF8CDA600}.Debug|Any CPU.Build.0 = Debug|Any CPU
		{70FB7061-A562-4C41-A80E-631BF8CDA600}.Release|Any CPU.ActiveCfg = Release|Any CPU
		{70FB7061-A562-4C41-A80E-631BF8CDA600}.Release|Any CPU.Build.0 = Release|Any CPU
	EndGlobalSection
	GlobalSection(SolutionProperties) = preSolution
		HideSolutionNode = FALSE
	EndGlobalSection
	GlobalSection(ExtensibilityGlobals) = postSolution
		SolutionGuid = {7F6F8E77-D8D2-413E-94C2-94205F30F220}
	EndGlobalSection
EndGlobal
