
Microsoft Visual Studio Solution File, Format Version 12.00
# Visual Studio Version 16
VisualStudioVersion = 16.0.30523.141
MinimumVisualStudioVersion = 10.0.40219.1
Project("{FAE04EC0-301F-11D3-BF4B-00C04F79EFBC}") = "week05", "week05\week05.csproj", "{AC09E6B6-D9DC-43A0-998F-0A3D9E172ADD}"
EndProject
Global
	GlobalSection(SolutionConfigurationPlatforms) = preSolution
		Debug|Any CPU = Debug|Any CPU
		Release|Any CPU = Release|Any CPU
	EndGlobalSection
	GlobalSection(ProjectConfigurationPlatforms) = postSolution
		{AC09E6B6-D9DC-43A0-998F-0A3D9E172ADD}.Debug|Any CPU.ActiveCfg = Debug|Any CPU
		{AC09E6B6-D9DC-43A0-998F-0A3D9E172ADD}.Debug|Any CPU.Build.0 = Debug|Any CPU
		{AC09E6B6-D9DC-43A0-998F-0A3D9E172ADD}.Release|Any CPU.ActiveCfg = Release|Any CPU
		{AC09E6B6-D9DC-43A0-998F-0A3D9E172ADD}.Release|Any CPU.Build.0 = Release|Any CPU
	EndGlobalSection
	GlobalSection(SolutionProperties) = preSolution
		HideSolutionNode = FALSE
	EndGlobalSection
	GlobalSection(ExtensibilityGlobals) = postSolution
		SolutionGuid = {B770CEB7-8F78-457D-B301-9ED6C90B9ECB}
	EndGlobalSection
EndGlobal
